
Microsoft Visual Studio Solution File, Format Version 11.00
# Visual Studio 2010
Project("{FAE04EC0-301F-11D3-BF4B-00C04F79EFBC}") = "DC", "Assembly-CSharp.csproj", "{38DFFBF4-C8D6-4068-3E5C-1EF6CE9DBCA3}"
EndProject
Project("{FAE04EC0-301F-11D3-BF4B-00C04F79EFBC}") = "DC", "Assembly-CSharp-Editor.csproj", "{A488B628-C957-2F60-0925-110E1CC04727}"
EndProject
Global
	GlobalSection(SolutionConfigurationPlatforms) = preSolution
		Debug|Any CPU = Debug|Any CPU
		Release|Any CPU = Release|Any CPU
	EndGlobalSection
	GlobalSection(ProjectConfigurationPlatforms) = postSolution
		{38DFFBF4-C8D6-4068-3E5C-1EF6CE9DBCA3}.Debug|Any CPU.ActiveCfg = Debug|Any CPU
		{38DFFBF4-C8D6-4068-3E5C-1EF6CE9DBCA3}.Debug|Any CPU.Build.0 = Debug|Any CPU
		{38DFFBF4-C8D6-4068-3E5C-1EF6CE9DBCA3}.Release|Any CPU.ActiveCfg = Release|Any CPU
		{38DFFBF4-C8D6-4068-3E5C-1EF6CE9DBCA3}.Release|Any CPU.Build.0 = Release|Any CPU
		{A488B628-C957-2F60-0925-110E1CC04727}.Debug|Any CPU.ActiveCfg = Debug|Any CPU
		{A488B628-C957-2F60-0925-110E1CC04727}.Debug|Any CPU.Build.0 = Debug|Any CPU
		{A488B628-C957-2F60-0925-110E1CC04727}.Release|Any CPU.ActiveCfg = Release|Any CPU
		{A488B628-C957-2F60-0925-110E1CC04727}.Release|Any CPU.Build.0 = Release|Any CPU
	EndGlobalSection
	GlobalSection(SolutionProperties) = preSolution
		HideSolutionNode = FALSE
	EndGlobalSection
	GlobalSection(MonoDevelopProperties) = preSolution
		StartupItem = Assembly-CSharp.csproj
	EndGlobalSection
EndGlobal
